
Microsoft Visual Studio Solution File, Format Version 12.00
# Visual Studio Version 16
VisualStudioVersion = 16.0.32126.315
MinimumVisualStudioVersion = 10.0.40219.1
Project("{9A19103F-16F7-4668-BE54-9A1E7A4F7556}") = "ngWithJwt", "ngWithJwt.csproj", "{3060655F-351C-480A-BFC8-D81C56645754}"
EndProject
Global
	GlobalSection(SolutionConfigurationPlatforms) = preSolution
		Debug|Any CPU = Debug|Any CPU
		Release|Any CPU = Release|Any CPU
	EndGlobalSection
	GlobalSection(ProjectConfigurationPlatforms) = postSolution
		{3060655F-351C-480A-BFC8-D81C56645754}.Debug|Any CPU.ActiveCfg = Debug|Any CPU
		{3060655F-351C-480A-BFC8-D81C56645754}.Debug|Any CPU.Build.0 = Debug|Any CPU
		{3060655F-351C-480A-BFC8-D81C56645754}.Release|Any CPU.ActiveCfg = Release|Any CPU
		{3060655F-351C-480A-BFC8-D81C56645754}.Release|Any CPU.Build.0 = Release|Any CPU
	EndGlobalSection
	GlobalSection(SolutionProperties) = preSolution
		HideSolutionNode = FALSE
	EndGlobalSection
	GlobalSection(ExtensibilityGlobals) = postSolution
		SolutionGuid = {149EAD19-EB7E-4F2E-BFCE-898C591021AE}
	EndGlobalSection
EndGlobal
